
Microsoft Visual Studio Solution File, Format Version 12.00
# Visual Studio Version 17
VisualStudioVersion = 17.4.33213.308
MinimumVisualStudioVersion = 10.0.40219.1
Project("{9A19103F-16F7-4668-BE54-9A1E7A4F7556}") = "JwtLoginSystem_api", "JwtLoginSystem_api\JwtLoginSystem_api.csproj", "{3BD213F7-832F-42ED-B8ED-7FD0DE98E95C}"
EndProject
Project("{9A19103F-16F7-4668-BE54-9A1E7A4F7556}") = "Common", "Common\Common.csproj", "{347B2603-38A7-448D-A346-4D53E2D73857}"
EndProject
Project("{9A19103F-16F7-4668-BE54-9A1E7A4F7556}") = "Data", "Data\Data.csproj", "{AEAD4246-9E96-40C5-9D5F-50C4ABBBDD4C}"
EndProject
Project("{9A19103F-16F7-4668-BE54-9A1E7A4F7556}") = "Entities", "Entities\Entities.csproj", "{FE9F1B9A-8897-40B0-BF7E-E62DB4C44ACA}"
EndProject
Project("{9A19103F-16F7-4668-BE54-9A1E7A4F7556}") = "Services", "Services\Services.csproj", "{C9A3B75D-28D5-4C42-8E76-07D934D5B36B}"
EndProject
Project("{9A19103F-16F7-4668-BE54-9A1E7A4F7556}") = "WebFramework", "WebFramework\WebFramework.csproj", "{11178315-525C-465D-9435-09ECF2FCAC36}"
EndProject
Project("{2150E333-8FDC-42A3-9474-1A3956D46DE8}") = "SolutionFile", "SolutionFile", "{1B39ED5C-7968-40D4-AF5C-9E2A63D5682F}"
	ProjectSection(SolutionItems) = preProject
		docker-compose.yml = docker-compose.yml
	EndProjectSection
EndProject
Global
	GlobalSection(SolutionConfigurationPlatforms) = preSolution
		Debug|Any CPU = Debug|Any CPU
		Release|Any CPU = Release|Any CPU
	EndGlobalSection
	GlobalSection(ProjectConfigurationPlatforms) = postSolution
		{3BD213F7-832F-42ED-B8ED-7FD0DE98E95C}.Debug|Any CPU.ActiveCfg = Debug|Any CPU
		{3BD213F7-832F-42ED-B8ED-7FD0DE98E95C}.Debug|Any CPU.Build.0 = Debug|Any CPU
		{3BD213F7-832F-42ED-B8ED-7FD0DE98E95C}.Release|Any CPU.ActiveCfg = Release|Any CPU
		{3BD213F7-832F-42ED-B8ED-7FD0DE98E95C}.Release|Any CPU.Build.0 = Release|Any CPU
		{347B2603-38A7-448D-A346-4D53E2D73857}.Debug|Any CPU.ActiveCfg = Debug|Any CPU
		{347B2603-38A7-448D-A346-4D53E2D73857}.Debug|Any CPU.Build.0 = Debug|Any CPU
		{347B2603-38A7-448D-A346-4D53E2D73857}.Release|Any CPU.ActiveCfg = Release|Any CPU
		{347B2603-38A7-448D-A346-4D53E2D73857}.Release|Any CPU.Build.0 = Release|Any CPU
		{AEAD4246-9E96-40C5-9D5F-50C4ABBBDD4C}.Debug|Any CPU.ActiveCfg = Debug|Any CPU
		{AEAD4246-9E96-40C5-9D5F-50C4ABBBDD4C}.Debug|Any CPU.Build.0 = Debug|Any CPU
		{AEAD4246-9E96-40C5-9D5F-50C4ABBBDD4C}.Release|Any CPU.ActiveCfg = Release|Any CPU
		{AEAD4246-9E96-40C5-9D5F-50C4ABBBDD4C}.Release|Any CPU.Build.0 = Release|Any CPU
		{FE9F1B9A-8897-40B0-BF7E-E62DB4C44ACA}.Debug|Any CPU.ActiveCfg = Debug|Any CPU
		{FE9F1B9A-8897-40B0-BF7E-E62DB4C44ACA}.Debug|Any CPU.Build.0 = Debug|Any CPU
		{FE9F1B9A-8897-40B0-BF7E-E62DB4C44ACA}.Release|Any CPU.ActiveCfg = Release|Any CPU
		{FE9F1B9A-8897-40B0-BF7E-E62DB4C44ACA}.Release|Any CPU.Build.0 = Release|Any CPU
		{C9A3B75D-28D5-4C42-8E76-07D934D5B36B}.Debug|Any CPU.ActiveCfg = Debug|Any CPU
		{C9A3B75D-28D5-4C42-8E76-07D934D5B36B}.Debug|Any CPU.Build.0 = Debug|Any CPU
		{C9A3B75D-28D5-4C42-8E76-07D934D5B36B}.Release|Any CPU.ActiveCfg = Release|Any CPU
		{C9A3B75D-28D5-4C42-8E76-07D934D5B36B}.Release|Any CPU.Build.0 = Release|Any CPU
		{11178315-525C-465D-9435-09ECF2FCAC36}.Debug|Any CPU.ActiveCfg = Debug|Any CPU
		{11178315-525C-465D-9435-09ECF2FCAC36}.Debug|Any CPU.Build.0 = Debug|Any CPU
		{11178315-525C-465D-9435-09ECF2FCAC36}.Release|Any CPU.ActiveCfg = Release|Any CPU
		{11178315-525C-465D-9435-09ECF2FCAC36}.Release|Any CPU.Build.0 = Release|Any CPU
	EndGlobalSection
	GlobalSection(SolutionProperties) = preSolution
		HideSolutionNode = FALSE
	EndGlobalSection
	GlobalSection(ExtensibilityGlobals) = postSolution
		SolutionGuid = {B9C18F7C-E8AB-4FFE-B382-FB237595C829}
	EndGlobalSection
EndGlobal
